
Microsoft Visual Studio Solution File, Format Version 12.00
# Visual Studio Version 16
VisualStudioVersion = 16.0.30011.22
MinimumVisualStudioVersion = 10.0.40219.1
Project("{FAE04EC0-301F-11D3-BF4B-00C04F79EFBC}") = "SteamStatusBot", "SteamStatusBot.csproj", "{9392CF31-C40C-44B9-98F8-D47A3ED2DD8E}"
EndProject
Global
	GlobalSection(SolutionConfigurationPlatforms) = preSolution
		Debug|Any CPU = Debug|Any CPU
		Release|Any CPU = Release|Any CPU
	EndGlobalSection
	GlobalSection(ProjectConfigurationPlatforms) = postSolution
		{9392CF31-C40C-44B9-98F8-D47A3ED2DD8E}.Debug|Any CPU.ActiveCfg = Debug|Any CPU
		{9392CF31-C40C-44B9-98F8-D47A3ED2DD8E}.Debug|Any CPU.Build.0 = Debug|Any CPU
		{9392CF31-C40C-44B9-98F8-D47A3ED2DD8E}.Release|Any CPU.ActiveCfg = Release|Any CPU
		{9392CF31-C40C-44B9-98F8-D47A3ED2DD8E}.Release|Any CPU.Build.0 = Release|Any CPU
	EndGlobalSection
	GlobalSection(SolutionProperties) = preSolution
		HideSolutionNode = FALSE
	EndGlobalSection
	GlobalSection(ExtensibilityGlobals) = postSolution
		SolutionGuid = {78F18473-A759-4069-B206-8583E7BD3EB3}
	EndGlobalSection
EndGlobal
